
Microsoft Visual Studio Solution File, Format Version 12.00
# Visual Studio Version 17
VisualStudioVersion = 17.10.34928.147
MinimumVisualStudioVersion = 10.0.40219.1
Project("{FAE04EC0-301F-11D3-BF4B-00C04F79EFBC}") = "SMOapp", "WpfApp12\SMOapp.csproj", "{E3C2BE81-E3FF-4421-B424-2532FEC6F5A6}"
EndProject
Global
	GlobalSection(SolutionConfigurationPlatforms) = preSolution
		Debug|Any CPU = Debug|Any CPU
		Release|Any CPU = Release|Any CPU
	EndGlobalSection
	GlobalSection(ProjectConfigurationPlatforms) = postSolution
		{E3C2BE81-E3FF-4421-B424-2532FEC6F5A6}.Debug|Any CPU.ActiveCfg = Debug|Any CPU
		{E3C2BE81-E3FF-4421-B424-2532FEC6F5A6}.Debug|Any CPU.Build.0 = Debug|Any CPU
		{E3C2BE81-E3FF-4421-B424-2532FEC6F5A6}.Release|Any CPU.ActiveCfg = Release|Any CPU
		{E3C2BE81-E3FF-4421-B424-2532FEC6F5A6}.Release|Any CPU.Build.0 = Release|Any CPU
	EndGlobalSection
	GlobalSection(SolutionProperties) = preSolution
		HideSolutionNode = FALSE
	EndGlobalSection
	GlobalSection(ExtensibilityGlobals) = postSolution
		SolutionGuid = {8DA62776-70EF-48D6-964B-36FAC70B14E1}
	EndGlobalSection
EndGlobal
